GEM
  remote: https://rubygems.org/
  specs:
    bigdecimal (4.1.1)
    erb (6.0.3)

PLATFORMS
  arm64-darwin-25
  ruby

DEPENDENCIES
  bigdecimal (>= 4.1.1)
  erb (>= 6.0.3)

CHECKSUMS
  bigdecimal (4.1.1) sha256=1c09efab961da45203c8316b0cdaec0ff391dfadb952dd459584b63ebf8054ca
  erb (6.0.3) sha256=e43685a8a0a0ea6a924871b2162e8953ef73147ce46b75b36d1f6774fd286e91

BUNDLED WITH
  4.0.13
