GEM
  remote: https://rubygems.org/
  specs:
    bigdecimal (4.1.2)
    erb (6.0.3)

PLATFORMS
  arm64-darwin-25
  ruby

DEPENDENCIES
  bigdecimal (>= 4.1.1)
  erb (>= 6.0.3)

CHECKSUMS
  bigdecimal (4.1.2) sha256=53d217666027eab4280346fba98e7d5b66baaae1b9c3c1c0ffe89d48188a3fbd
  bundler (4.0.12) sha256=7f8b757d28dfb636e7b24fba2344ac6dd13b5b24f4b46d62573d483f211825ac
  erb (6.0.3) sha256=e43685a8a0a0ea6a924871b2162e8953ef73147ce46b75b36d1f6774fd286e91

BUNDLED WITH
  4.0.13
