GEM
  remote: https://rubygems.org/
  specs:
    bigdecimal (4.1.1)
    erb (6.0.4)

PLATFORMS
  arm64-darwin-25
  ruby

DEPENDENCIES
  bigdecimal (>= 4.1.1)
  erb (>= 6.0.3)

CHECKSUMS
  bigdecimal (4.1.1) sha256=1c09efab961da45203c8316b0cdaec0ff391dfadb952dd459584b63ebf8054ca
  bundler (4.0.12) sha256=7f8b757d28dfb636e7b24fba2344ac6dd13b5b24f4b46d62573d483f211825ac
  erb (6.0.4) sha256=38e3803694be357fe2bfe312487c74beaf9fb4e5beb3e22498952fe1645b95d9

BUNDLED WITH
  4.0.13
